{
  "lockfile_version": "1",
  "packages": {
    "direnv@latest": {
      "last_modified": "2025-05-06T08:06:31Z",
      "resolved": "github:NixOS/nixpkgs/1cb1c02a6b1b7cf67e3d7731cbbf327a53da9679#direnv",
      "source": "devbox-search",
      "version": "2.36.0",
      "systems": {
        "aarch64-darwin": {
          "outputs": [
            {
              "name": "out",
              "path": "/nix/store/c1287gkgvyz1s5hrifmhp0ybzaqwysyv-direnv-2.36.0",
              "default": true
            }
          ],
          "store_path": "/nix/store/c1287gkgvyz1s5hrifmhp0ybzaqwysyv-direnv-2.36.0"
        },
        "aarch64-linux": {
          "outputs": [
            {
              "name": "out",
              "path": "/nix/store/kbm4xjmm8gpighi8jnlgdp4ivwf7npg3-direnv-2.36.0",
              "default": true
            }
          ],
          "store_path": "/nix/store/kbm4xjmm8gpighi8jnlgdp4ivwf7npg3-direnv-2.36.0"
        },
        "x86_64-darwin": {
          "outputs": [
            {
              "name": "out",
              "path": "/nix/store/9qqcjbvisvqyhbslqxyf72pazcnkvpyl-direnv-2.36.0",
              "default": true
            }
          ],
          "store_path": "/nix/store/9qqcjbvisvqyhbslqxyf72pazcnkvpyl-direnv-2.36.0"
        },
        "x86_64-linux": {
          "outputs": [
            {
              "name": "out",
              "path": "/nix/store/rjnigckx9rmga58562hxw9kr5hynavcd-direnv-2.36.0",
              "default": true
            }
          ],
          "store_path": "/nix/store/rjnigckx9rmga58562hxw9kr5hynavcd-direnv-2.36.0"
        }
      }
    },
    "github:NixOS/nixpkgs/nixpkgs-unstable": {
      "last_modified": "2025-05-07T00:09:58Z",
      "resolved": "github:NixOS/nixpkgs/b3582c75c7f21ce0b429898980eddbbf05c68e55?lastModified=1746576598&narHash=sha256-FshoQvr6Aor5SnORVvh%2FZdJ1Sa2U4ZrIMwKBX5k2wu0%3D"
    },
    "jq@latest": {
      "last_modified": "2025-05-06T16:34:47Z",
      "resolved": "github:NixOS/nixpkgs/f90d0af5db814e870b2ad1aebc4e8924a30c53dd#jq",
      "source": "devbox-search",
      "version": "1.7.1",
      "systems": {
        "aarch64-darwin": {
          "outputs": [
            {
              "name": "bin",
              "path": "/nix/store/d0r880glv6pvpxibssrcl2v7v4sqijfx-jq-1.7.1-bin",
              "default": true
            },
            {
              "name": "man",
              "path": "/nix/store/51dbhjrpi3dnj3jv9npjk1wvqcjfpz2n-jq-1.7.1-man",
              "default": true
            },
            {
              "name": "out",
              "path": "/nix/store/kd68ckkv7lqnfb46rk1746mhig0hhpl5-jq-1.7.1"
            },
            {
              "name": "dev",
              "path": "/nix/store/d3w37gvgsapsh612vyy0b0lnjq81bhhd-jq-1.7.1-dev"
            },
            {
              "name": "doc",
              "path": "/nix/store/31mydlnw005lpaslc5yqgmxy5mfhzs98-jq-1.7.1-doc"
            }
          ],
          "store_path": "/nix/store/d0r880glv6pvpxibssrcl2v7v4sqijfx-jq-1.7.1-bin"
        },
        "aarch64-linux": {
          "outputs": [
            {
              "name": "bin",
              "path": "/nix/store/gn5585z1600aqspd8hyz48qjxpkprmmd-jq-1.7.1-bin",
              "default": true
            },
            {
              "name": "man",
              "path": "/nix/store/333c44nih6riadc384l4kyrcsiqn9w6b-jq-1.7.1-man",
              "default": true
            },
            {
              "name": "dev",
              "path": "/nix/store/djgzdhs0aj2g37xfbbx5inmm5j34ri6s-jq-1.7.1-dev"
            },
            {
              "name": "doc",
              "path": "/nix/store/5iv52bfgs3dgg9sgy63m0v8kqf3jka61-jq-1.7.1-doc"
            },
            {
              "name": "out",
              "path": "/nix/store/qqb575m59p2l1v3h9hb3q96mm7b41qjf-jq-1.7.1"
            }
          ],
          "store_path": "/nix/store/gn5585z1600aqspd8hyz48qjxpkprmmd-jq-1.7.1-bin"
        },
        "x86_64-darwin": {
          "outputs": [
            {
              "name": "bin",
              "path": "/nix/store/d7scikakdayw3xjw8pm55q8j146qwxwd-jq-1.7.1-bin",
              "default": true
            },
            {
              "name": "man",
              "path": "/nix/store/giabrd1iawzw666w62n4dw7czs6k580i-jq-1.7.1-man",
              "default": true
            },
            {
              "name": "dev",
              "path": "/nix/store/h80zvna5sb5klg3q56l22rw2cac35pzm-jq-1.7.1-dev"
            },
            {
              "name": "doc",
              "path": "/nix/store/v51p982wn5hrjvfprr5h5f7ffakj86iq-jq-1.7.1-doc"
            },
            {
              "name": "out",
              "path": "/nix/store/8fd0arnj59yvp8clz9a14p61dhchp8kk-jq-1.7.1"
            }
          ],
          "store_path": "/nix/store/d7scikakdayw3xjw8pm55q8j146qwxwd-jq-1.7.1-bin"
        },
        "x86_64-linux": {
          "outputs": [
            {
              "name": "bin",
              "path": "/nix/store/2yi7k5ay6xj73rbfqf170gms922rjm2d-jq-1.7.1-bin",
              "default": true
            },
            {
              "name": "man",
              "path": "/nix/store/6y5xhrbdfwnf4xbwzvvz8n2yibyvkvm9-jq-1.7.1-man",
              "default": true
            },
            {
              "name": "dev",
              "path": "/nix/store/2186473hfwk15m3cmpddck6jp28sjmkl-jq-1.7.1-dev"
            },
            {
              "name": "doc",
              "path": "/nix/store/r6qdnj7qxcwvkp02zw5yjp09vydb0m8l-jq-1.7.1-doc"
            },
            {
              "name": "out",
              "path": "/nix/store/d7mhlprb84m83vm0z1xw18jpxz3x5hzy-jq-1.7.1"
            }
          ],
          "store_path": "/nix/store/2yi7k5ay6xj73rbfqf170gms922rjm2d-jq-1.7.1-bin"
        }
      }
    },
    "libiconv@latest": {
      "last_modified": "2025-05-06T08:06:31Z",
      "resolved": "github:NixOS/nixpkgs/1cb1c02a6b1b7cf67e3d7731cbbf327a53da9679#libiconv",
      "source": "devbox-search",
      "version": "2.40",
      "systems": {
        "aarch64-linux": {
          "outputs": [
            {
              "name": "out",
              "path": "/nix/store/r6nkdplimlb6zwydh9bl81w3xgf1bzd9-glibc-iconv-2.40",
              "default": true
            }
          ],
          "store_path": "/nix/store/r6nkdplimlb6zwydh9bl81w3xgf1bzd9-glibc-iconv-2.40"
        },
        "x86_64-linux": {
          "outputs": [
            {
              "name": "out",
              "path": "/nix/store/p8711m0qd02wdk2fgyzrvf9zfn3pj091-glibc-iconv-2.40",
              "default": true
            }
          ],
          "store_path": "/nix/store/p8711m0qd02wdk2fgyzrvf9zfn3pj091-glibc-iconv-2.40"
        }
      }
    },
    "librsvg@latest": {
      "last_modified": "2025-05-06T16:34:47Z",
      "resolved": "github:NixOS/nixpkgs/f90d0af5db814e870b2ad1aebc4e8924a30c53dd#librsvg",
      "source": "devbox-search",
      "version": "2.59.2",
      "systems": {
        "aarch64-darwin": {
          "outputs": [
            {
              "name": "out",
              "path": "/nix/store/qhzl6n235kvns2fzn8hjvm1lvsqg3brf-librsvg-2.59.2",
              "default": true
            },
            {
              "name": "devdoc",
              "path": "/nix/store/n3kyadwny2kjyyylrrfsz2kbpb4qpjg9-librsvg-2.59.2-devdoc"
            },
            {
              "name": "dev",
              "path": "/nix/store/fwnwfx26dzhgkxxhs8c6srxhl2i328kl-librsvg-2.59.2-dev"
            }
          ],
          "store_path": "/nix/store/qhzl6n235kvns2fzn8hjvm1lvsqg3brf-librsvg-2.59.2"
        },
        "aarch64-linux": {
          "outputs": [
            {
              "name": "out",
              "path": "/nix/store/hrcqc75amlw40mgcwic2iimfjqwzd4pd-librsvg-2.59.2",
              "default": true
            },
            {
              "name": "dev",
              "path": "/nix/store/cglsbz77psqxmsbclcrci9p7k0rjn100-librsvg-2.59.2-dev"
            },
            {
              "name": "devdoc",
              "path": "/nix/store/94aa9cn3gysyvli4hqxvk2vw8vr6wawx-librsvg-2.59.2-devdoc"
            }
          ],
          "store_path": "/nix/store/hrcqc75amlw40mgcwic2iimfjqwzd4pd-librsvg-2.59.2"
        },
        "x86_64-darwin": {
          "outputs": [
            {
              "name": "out",
              "path": "/nix/store/36a8rzzrsb3bg16chklr1lpp3kvzsh39-librsvg-2.59.2",
              "default": true
            },
            {
              "name": "dev",
              "path": "/nix/store/pswanxqjlbjbby5abj8qy5vfnshwv28a-librsvg-2.59.2-dev"
            },
            {
              "name": "devdoc",
              "path": "/nix/store/x8qsdsr8sjh4f01zqzn6vr54bv87z4yb-librsvg-2.59.2-devdoc"
            }
          ],
          "store_path": "/nix/store/36a8rzzrsb3bg16chklr1lpp3kvzsh39-librsvg-2.59.2"
        },
        "x86_64-linux": {
          "outputs": [
            {
              "name": "out",
              "path": "/nix/store/25nkjd6y6rc7ap82frgqlga0sshvb3mx-librsvg-2.59.2",
              "default": true
            },
            {
              "name": "dev",
              "path": "/nix/store/cd25ycapj5yqip934ycywisz0pac8kwb-librsvg-2.59.2-dev"
            },
            {
              "name": "devdoc",
              "path": "/nix/store/h2rlb255lcgpyffsn5gbvsq1ff0r3wgg-librsvg-2.59.2-devdoc"
            }
          ],
          "store_path": "/nix/store/25nkjd6y6rc7ap82frgqlga0sshvb3mx-librsvg-2.59.2"
        }
      }
    },
    "nodejs@22": {
      "last_modified": "2025-05-06T08:06:31Z",
      "plugin_version": "0.0.2",
      "resolved": "github:NixOS/nixpkgs/1cb1c02a6b1b7cf67e3d7731cbbf327a53da9679#nodejs_22",
      "source": "devbox-search",
      "version": "22.14.0",
      "systems": {
        "aarch64-darwin": {
          "outputs": [
            {
              "name": "out",
              "path": "/nix/store/2ribxb3gi87gj4331m6k0ydn0z90zfi7-nodejs-22.14.0",
              "default": true
            },
            {
              "name": "dev",
              "path": "/nix/store/zbr4fi11j897pa9jikqpviz57kagvizv-nodejs-22.14.0-dev"
            },
            {
              "name": "libv8",
              "path": "/nix/store/9rp5sb2nb5549qqax4v6ly4glixjm6d5-nodejs-22.14.0-libv8"
            }
          ],
          "store_path": "/nix/store/2ribxb3gi87gj4331m6k0ydn0z90zfi7-nodejs-22.14.0"
        },
        "aarch64-linux": {
          "outputs": [
            {
              "name": "out",
              "path": "/nix/store/8v7hqm22mk2w725sqwqcnym5jznqmn64-nodejs-22.14.0",
              "default": true
            },
            {
              "name": "dev",
              "path": "/nix/store/9hv74w50r20z1f1flnpza0aicz5agg8i-nodejs-22.14.0-dev"
            },
            {
              "name": "libv8",
              "path": "/nix/store/ww17b0kj7zawsa17l2kw5yi6019lddfy-nodejs-22.14.0-libv8"
            }
          ],
          "store_path": "/nix/store/8v7hqm22mk2w725sqwqcnym5jznqmn64-nodejs-22.14.0"
        },
        "x86_64-darwin": {
          "outputs": [
            {
              "name": "out",
              "path": "/nix/store/v0hpyc6r6qdwvydvgybn51jvajxqxz9f-nodejs-22.14.0",
              "default": true
            },
            {
              "name": "dev",
              "path": "/nix/store/ip5m8y2wj2cw44r1gh6yc7718qxsjphp-nodejs-22.14.0-dev"
            },
            {
              "name": "libv8",
              "path": "/nix/store/mmyh4261jrk7i9wylz6pjrp1rllvpfvs-nodejs-22.14.0-libv8"
            }
          ],
          "store_path": "/nix/store/v0hpyc6r6qdwvydvgybn51jvajxqxz9f-nodejs-22.14.0"
        },
        "x86_64-linux": {
          "outputs": [
            {
              "name": "out",
              "path": "/nix/store/50lhzpd68v47x6jy0b8b3p91n2zv3lv4-nodejs-22.14.0",
              "default": true
            },
            {
              "name": "dev",
              "path": "/nix/store/sbqvdlpp1zp6fdr3cb0mqyprjbcf2ihn-nodejs-22.14.0-dev"
            },
            {
              "name": "libv8",
              "path": "/nix/store/ianbd6y7fbm32073q239zdxlcmjwvm57-nodejs-22.14.0-libv8"
            }
          ],
          "store_path": "/nix/store/50lhzpd68v47x6jy0b8b3p91n2zv3lv4-nodejs-22.14.0"
        }
      }
    },
    "pnpm@latest": {
      "last_modified": "2025-05-06T08:06:31Z",
      "resolved": "github:NixOS/nixpkgs/1cb1c02a6b1b7cf67e3d7731cbbf327a53da9679#pnpm",
      "source": "devbox-search",
      "version": "10.10.0",
      "systems": {
        "aarch64-darwin": {
          "outputs": [
            {
              "name": "out",
              "path": "/nix/store/mv25m6irsd4ljhwihfv82d8gk62czpr3-pnpm-10.10.0",
              "default": true
            }
          ],
          "store_path": "/nix/store/mv25m6irsd4ljhwihfv82d8gk62czpr3-pnpm-10.10.0"
        },
        "aarch64-linux": {
          "outputs": [
            {
              "name": "out",
              "path": "/nix/store/576c2i3jcn5k71paz9kgv27x6kdcsxsr-pnpm-10.10.0",
              "default": true
            }
          ],
          "store_path": "/nix/store/576c2i3jcn5k71paz9kgv27x6kdcsxsr-pnpm-10.10.0"
        },
        "x86_64-darwin": {
          "outputs": [
            {
              "name": "out",
              "path": "/nix/store/vz9qncryxkcgac82mr0h38nc7hsgjcpx-pnpm-10.10.0",
              "default": true
            }
          ],
          "store_path": "/nix/store/vz9qncryxkcgac82mr0h38nc7hsgjcpx-pnpm-10.10.0"
        },
        "x86_64-linux": {
          "outputs": [
            {
              "name": "out",
              "path": "/nix/store/7ckrgzv1r5wn6qfqgd6k40wp8bqy5di6-pnpm-10.10.0",
              "default": true
            }
          ],
          "store_path": "/nix/store/7ckrgzv1r5wn6qfqgd6k40wp8bqy5di6-pnpm-10.10.0"
        }
      }
    },
    "rustup@latest": {
      "last_modified": "2025-05-06T08:06:31Z",
      "plugin_version": "0.0.1",
      "resolved": "github:NixOS/nixpkgs/1cb1c02a6b1b7cf67e3d7731cbbf327a53da9679#rustup",
      "source": "devbox-search",
      "version": "1.27.1",
      "systems": {
        "aarch64-darwin": {
          "outputs": [
            {
              "name": "out",
              "path": "/nix/store/7drfmw0y8b2533qgjn7dffrcn6icnldj-rustup-1.27.1",
              "default": true
            }
          ],
          "store_path": "/nix/store/7drfmw0y8b2533qgjn7dffrcn6icnldj-rustup-1.27.1"
        },
        "aarch64-linux": {
          "outputs": [
            {
              "name": "out",
              "path": "/nix/store/q8yyj6y1hayz657xx2csxnlb1i0g60kg-rustup-1.27.1",
              "default": true
            }
          ],
          "store_path": "/nix/store/q8yyj6y1hayz657xx2csxnlb1i0g60kg-rustup-1.27.1"
        },
        "x86_64-darwin": {
          "outputs": [
            {
              "name": "out",
              "path": "/nix/store/z5scd0g1ypbjnl2j5b2zsm6m6fm1pv3b-rustup-1.27.1",
              "default": true
            }
          ],
          "store_path": "/nix/store/z5scd0g1ypbjnl2j5b2zsm6m6fm1pv3b-rustup-1.27.1"
        },
        "x86_64-linux": {
          "outputs": [
            {
              "name": "out",
              "path": "/nix/store/fdgipbzshck7iqmv06jni83bwvqzdbbf-rustup-1.27.1",
              "default": true
            }
          ],
          "store_path": "/nix/store/fdgipbzshck7iqmv06jni83bwvqzdbbf-rustup-1.27.1"
        }
      }
    },
    "webkitgtk@latest": {
      "last_modified": "2024-10-10T05:33:31Z",
      "resolved": "github:NixOS/nixpkgs/b69de56fac8c2b6f8fd27f2eca01dcda8e0a4221#webkitgtk",
      "source": "devbox-search",
      "version": "2.46.1+abi=4.0",
      "systems": {
        "aarch64-linux": {
          "outputs": [
            {
              "name": "out",
              "path": "/nix/store/h3kmsal78h5r2n4v5nmb2ivhjx3g7vxc-webkitgtk-2.46.1+abi=4.0",
              "default": true
            },
            {
              "name": "debug",
              "path": "/nix/store/xg0ca31qc23qg6fzciwbh5asxvz0smfp-webkitgtk-2.46.1+abi=4.0-debug"
            },
            {
              "name": "dev",
              "path": "/nix/store/zsr7024v4fd0wlm26jpbh0b6pmzyppch-webkitgtk-2.46.1+abi=4.0-dev"
            },
            {
              "name": "devdoc",
              "path": "/nix/store/c9b0dddvadzwgp56v7q1hzk41nf4w6q5-webkitgtk-2.46.1+abi=4.0-devdoc"
            }
          ],
          "store_path": "/nix/store/h3kmsal78h5r2n4v5nmb2ivhjx3g7vxc-webkitgtk-2.46.1+abi=4.0"
        },
        "x86_64-linux": {
          "outputs": [
            {
              "name": "out",
              "path": "/nix/store/bxkm3685gl1grrfs8vbmghs1sa4j5gdj-webkitgtk-2.46.1+abi=4.0",
              "default": true
            },
            {
              "name": "debug",
              "path": "/nix/store/83ifk9wif0g8j2x9xyabqhywcn49grms-webkitgtk-2.46.1+abi=4.0-debug"
            },
            {
              "name": "dev",
              "path": "/nix/store/msfy59cy29jr8drznaxx3jww5k0fkffa-webkitgtk-2.46.1+abi=4.0-dev"
            },
            {
              "name": "devdoc",
              "path": "/nix/store/16b5pyqa4v1f2rc9kjz25zsnq9yz7jqq-webkitgtk-2.46.1+abi=4.0-devdoc"
            }
          ],
          "store_path": "/nix/store/bxkm3685gl1grrfs8vbmghs1sa4j5gdj-webkitgtk-2.46.1+abi=4.0"
        }
      }
    }
  }
}
